github.com/StackExchange/wmi v0.0.0-20180116203802-5d049714c4a6 h1:fLjPD/aNc3UIOA6tDi6QXUemppXK3P9BI7mr2hd6gx8=
github.com/StackExchange/wmi v0.0.0-20180116203802-5d049714c4a6/go.mod h1:3eOhrUMpNV+6aFIbp5/iudMxNCF27Vw2OZgy4xEx0Fg=
github.com/cjbassi/drawille-go v0.0.0-20180329221028-ad535d0f92cd h1:nSJpATLVvFa19BEHX4ys+VGNWfI4FUGMweEI6QXs8wg=
github.com/cjbassi/drawille-go v0.0.0-20180329221028-ad535d0f92cd/go.mod h1:vjcQJUZJYD3MeVGhtZXSMnCHfUNZxsyYzJt90eCYxK4=
github.com/cjbassi/termui v0.0.0-20180823181054-5edfcb3a441f h1:t8d9FIPBeDHClPJBkB8yJyIBcMIxzdMAY2xB1vWHi48=
github.com/cjbassi/termui v0.0.0-20180823181054-5edfcb3a441f/go.mod h1:rqXckrwz+i0fH/zNwU6AdBNULHwmZsgehnSlhKP5i2Q=
github.com/cjbassi/termui v0.0.0-20181129202454-e08bceac6d82 h1:Nohf7C2tEJfEtfJ2mAF244MPJUj6JT9Quzf4ZrkmEfE=
github.com/cjbassi/termui v0.0.0-20181129202454-e08bceac6d82/go.mod h1:rqXckrwz+i0fH/zNwU6AdBNULHwmZsgehnSlhKP5i2Q=
github.com/cjbassi/termui v0.0.0-20181129231847-3a3db079d9dd h1:12/9RCEyFB4mnNlafhySzhfPgFIfTxbjHrkhEX0SgDQ=
github.com/cjbassi/termui v0.0.0-20181129231847-3a3db079d9dd/go.mod h1:rqXckrwz+i0fH/zNwU6AdBNULHwmZsgehnSlhKP5i2Q=
github.com/cjbassi/termui v0.0.0-20181208033036-e8dd23f6146c h1:vcaCtK8ObawtpQRW8GdbKZ+eJGEUn41xJ8Snagd/c6I=
github.com/cjbassi/termui v0.0.0-20181208033036-e8dd23f6146c/go.mod h1:rqXckrwz+i0fH/zNwU6AdBNULHwmZsgehnSlhKP5i2Q=
github.com/davecgh/go-spew v1.1.1 h1:vj9j/u1bqnvCEfJOwUhtlOARqs3+rkHYY13jYWTU97c=
github.com/davecgh/go-spew v1.1.1/go.mod h1:J7Y8YcW2NihsgmVo/mv3lAwl/skON4iLHjSsI+c5H38=
github.com/docopt/docopt-go v0.0.0-20180111231733-ee0de3bc6815 h1:bWDMxwH3px2JBh6AyO7hdCn/PkvCZXii8TGj7sbtEbQ=
github.com/docopt/docopt-go v0.0.0-20180111231733-ee0de3bc6815/go.mod h1:WwZ+bS3ebgob9U8Nd0kOddGdZWjyMGR8Wziv+TBNwSE=
github.com/go-ole/go-ole v1.2.1 h1:2lOsA72HgjxAuMlKpFiCbHTvu44PIVkZ5hqm3RSdI/E=
github.com/go-ole/go-ole v1.2.1/go.mod h1:7FAglXiTm7HKlQRDeOQ6ZNUHidzCWXuZWq/1dTyBNF8=
github.com/mattn/go-runewidth v0.0.2 h1:UnlwIPBGaTZfPQ6T1IGzPI0EkYAQmT9fAEJ/poFC63o=
github.com/mattn/go-runewidth v0.0.2/go.mod h1:LwmH8dsx7+W8Uxz3IHJYH5QSwggIsqBzpuz5H//U1FU=
github.com/nsf/termbox-go v0.0.0-20180407224525-3e24a7b6661e h1:w2JDz0jtOlFFdvtUXISyYPFwmbZnwKL1mRDT0tKDvuk=
github.com/nsf/termbox-go v0.0.0-20180407224525-3e24a7b6661e/go.mod h1:IuKpRQcYE1Tfu+oAQqaLisqDeXgjyyltCfsaoYN18NQ=
github.com/pmezard/go-difflib v1.0.0 h1:4DBwDE0NGyQoBHbLQYPwSUPoCMWR5BEzIk/f1lZbAQM=
github.com/pmezard/go-difflib v1.0.0/go.mod h1:iKH77koFhYxTK1pcRnkKkqfTogsbg7gZNVY4sRDYZ/4=
github.com/shirou/gopsutil v0.0.0-20180811135056-68ff0e299699 h1:AJW3z3AIDXJBKlPs1bhA0pb0rYKyTv+rzHE/spMC72Y=
github.com/shirou/gopsutil v0.0.0-20180811135056-68ff0e299699/go.mod h1:5b4v6he4MtMOwMlS0TUMTu2PcXUg8+E1lC7eC3UO/RA=
github.com/shirou/gopsutil v2.18.11+incompatible h1:PMFTKnFTr/YTRW5rbLK4vWALV3a+IGXse5nvhSjztmg=
github.com/shirou/gopsutil v2.18.11+incompatible/go.mod h1:5b4v6he4MtMOwMlS0TUMTu2PcXUg8+E1lC7eC3UO/RA=
github.com/shirou/w32 v0.0.0-20160930032740-bb4de0191aa4 h1:udFKJ0aHUL60LboW/A+DfgoHVedieIzIXE8uylPue0U=
github.com/shirou/w32 v0.0.0-20160930032740-bb4de0191aa4/go.mod h1:qsXQc7+bwAM3Q1u/4XEfrquwF8Lw7D7y5cD8CuHnfIc=
github.com/stretchr/testify v1.2.2 h1:bSDNvY7ZPG5RlJ8otE/7V6gMiyenm9RtJ7IUVIAoJ1w=
github.com/stretchr/testify v1.2.2/go.mod h1:a8OnRcib4nhh0OaRAV+Yts87kKdq0PP7pXfy6kDkUVs=
golang.org/x/sys v0.0.0-20180406135729-3b87a42e500a h1:DwI0ihryIiWlRUKL/ii7Snvn4LiL9TvMoVZq3qMbffg=
golang.org/x/sys v0.0.0-20180406135729-3b87a42e500a/go.mod h1:STP8DvDyc/dI5b8T5hshtkjS+E42TnysNCUPdjciGhY=
